// !$*UTF8*$!
{
	archiveVersion = 1;
	classes = {
	};
	objectVersion = 56;
	objects = {

/* Begin PBXBuildFile section */
		5A98E3012B2E522000B67C5A /* pokemonbattleApp.swift in Sources */ = {isa = PBXBuildFile; fileRef = 5A98E3002B2E522000B67C5A /* pokemonbattleApp.swift */; };
		5A98E3052B2E522100B67C5A /* Assets.xcassets in Resources */ = {isa = PBXBuildFile; fileRef = 5A98E3042B2E522100B67C5A /* Assets.xcassets */; };
		5A98E3082B2E522100B67C5A /* Preview Assets.xcassets in Resources */ = {isa = PBXBuildFile; fileRef = 5A98E3072B2E522100B67C5A /* Preview Assets.xcassets */; };
		5A98E3102B2E52BE00B67C5A /* Creature.swift in Sources */ = {isa = PBXBuildFile; fileRef = 5A98E30F2B2E52BE00B67C5A /* Creature.swift */; };
		5A98E3122B2E52CB00B67C5A /* Move.swift in Sources */ = {isa = PBXBuildFile; fileRef = 5A98E3112B2E52CB00B67C5A /* Move.swift */; };
		5A98E3142B2E52D600B67C5A /* Battle.swift in Sources */ = {isa = PBXBuildFile; fileRef = 5A98E3132B2E52D600B67C5A /* Battle.swift */; };
		5A98E3162B2E52E100B67C5A /* BattleState.swift in Sources */ = {isa = PBXBuildFile; fileRef = 5A98E3152B2E52E100B67C5A /* BattleState.swift */; };
		5A98E3182B2E540900B67C5A /* BattleManager.swift in Sources */ = {isa = PBXBuildFile; fileRef = 5A98E3172B2E540900B67C5A /* BattleManager.swift */; };
		5A98E31A2B2E544500B67C5A /* BattleScreen.swift in Sources */ = {isa = PBXBuildFile; fileRef = 5A98E3192B2E544500B67C5A /* BattleScreen.swift */; };
		5A98E31C2B2E54D700B67C5A /* BattleStatusView.swift in Sources */ = {isa = PBXBuildFile; fileRef = 5A98E31B2B2E54D700B67C5A /* BattleStatusView.swift */; };
		5A98E31E2B2E54EA00B67C5A /* HealthBarView.swift in Sources */ = {isa = PBXBuildFile; fileRef = 5A98E31D2B2E54EA00B67C5A /* HealthBarView.swift */; };
		5A98E3202B2E54F900B67C5A /* BattleActionsView.swift in Sources */ = {isa = PBXBuildFile; fileRef = 5A98E31F2B2E54F900B67C5A /* BattleActionsView.swift */; };
/* End PBXBuildFile section */

/* Begin PBXFileReference section */
		5A98E2FD2B2E522000B67C5A /* pokemonbattle.app */ = {isa = PBXFileReference; explicitFileType = wrapper.application; includeInIndex = 0; path = pokemonbattle.app; sourceTree = BUILT_PRODUCTS_DIR; };
		5A98E3002B2E522000B67C5A /* pokemonbattleApp.swift */ = {isa = PBXFileReference; lastKnownFileType = sourcecode.swift; path = pokemonbattleApp.swift; sourceTree = "<group>"; };
		5A98E3042B2E522100B67C5A /* Assets.xcassets */ = {isa = PBXFileReference; lastKnownFileType = folder.assetcatalog; path = Assets.xcassets; sourceTree = "<group>"; };
		5A98E3072B2E522100B67C5A /* Preview Assets.xcassets */ = {isa = PBXFileReference; lastKnownFileType = folder.assetcatalog; path = "Preview Assets.xcassets"; sourceTree = "<group>"; };
		5A98E3092B2E522100B67C5A /* pokemonbattle.entitlements */ = {isa = PBXFileReference; lastKnownFileType = text.plist.entitlements; path = pokemonbattle.entitlements; sourceTree = "<group>"; };
		5A98E30F2B2E52BE00B67C5A /* Creature.swift */ = {isa = PBXFileReference; lastKnownFileType = sourcecode.swift; path = Creature.swift; sourceTree = "<group>"; };
		5A98E3112B2E52CB00B67C5A /* Move.swift */ = {isa = PBXFileReference; lastKnownFileType = sourcecode.swift; path = Move.swift; sourceTree = "<group>"; };
		5A98E3132B2E52D600B67C5A /* Battle.swift */ = {isa = PBXFileReference; lastKnownFileType = sourcecode.swift; path = Battle.swift; sourceTree = "<group>"; };
		5A98E3152B2E52E100B67C5A /* BattleState.swift */ = {isa = PBXFileReference; lastKnownFileType = sourcecode.swift; path = BattleState.swift; sourceTree = "<group>"; };
		5A98E3172B2E540900B67C5A /* BattleManager.swift */ = {isa = PBXFileReference; lastKnownFileType = sourcecode.swift; path = BattleManager.swift; sourceTree = "<group>"; };
		5A98E3192B2E544500B67C5A /* BattleScreen.swift */ = {isa = PBXFileReference; lastKnownFileType = sourcecode.swift; path = BattleScreen.swift; sourceTree = "<group>"; };
		5A98E31B2B2E54D700B67C5A /* BattleStatusView.swift */ = {isa = PBXFileReference; lastKnownFileType = sourcecode.swift; path = BattleStatusView.swift; sourceTree = "<group>"; };
		5A98E31D2B2E54EA00B67C5A /* HealthBarView.swift */ = {isa = PBXFileReference; lastKnownFileType = sourcecode.swift; path = HealthBarView.swift; sourceTree = "<group>"; };
		5A98E31F2B2E54F900B67C5A /* BattleActionsView.swift */ = {isa = PBXFileReference; lastKnownFileType = sourcecode.swift; path = BattleActionsView.swift; sourceTree = "<group>"; };
/* End PBXFileReference section */

/* Begin PBXFrameworksBuildPhase section */
		5A98E2FA2B2E522000B67C5A /* Frameworks */ = {
			isa = PBXFrameworksBuildPhase;
			buildActionMask = 2147483647;
			files = (
			);
			runOnlyForDeploymentPostprocessing = 0;
		};
/* End PBXFrameworksBuildPhase section */

/* Begin PBXGroup section */
		5A98E2F42B2E522000B67C5A = {
			isa = PBXGroup;
			children = (
				5A98E2FF2B2E522000B67C5A /* pokemonbattle */,
				5A98E2FE2B2E522000B67C5A /* Products */,
			);
			sourceTree = "<group>";
		};
		5A98E2FE2B2E522000B67C5A /* Products */ = {
			isa = PBXGroup;
			children = (
				5A98E2FD2B2E522000B67C5A /* pokemonbattle.app */,
			);
			name = Products;
			sourceTree = "<group>";
		};
		5A98E2FF2B2E522000B67C5A /* pokemonbattle */ = {
			isa = PBXGroup;
			children = (
				5A98E3002B2E522000B67C5A /* pokemonbattleApp.swift */,
				5A98E30F2B2E52BE00B67C5A /* Creature.swift */,
				5A98E3172B2E540900B67C5A /* BattleManager.swift */,
				5A98E3192B2E544500B67C5A /* BattleScreen.swift */,
				5A98E31B2B2E54D700B67C5A /* BattleStatusView.swift */,
				5A98E31D2B2E54EA00B67C5A /* HealthBarView.swift */,
				5A98E31F2B2E54F900B67C5A /* BattleActionsView.swift */,
				5A98E3112B2E52CB00B67C5A /* Move.swift */,
				5A98E3132B2E52D600B67C5A /* Battle.swift */,
				5A98E3152B2E52E100B67C5A /* BattleState.swift */,
				5A98E3042B2E522100B67C5A /* Assets.xcassets */,
				5A98E3092B2E522100B67C5A /* pokemonbattle.entitlements */,
				5A98E3062B2E522100B67C5A /* Preview Content */,
			);
			path = pokemonbattle;
			sourceTree = "<group>";
		};
		5A98E3062B2E522100B67C5A /* Preview Content */ = {
			isa = PBXGroup;
			children = (
				5A98E3072B2E522100B67C5A /* Preview Assets.xcassets */,
			);
			path = "Preview Content";
			sourceTree = "<group>";
		};
/* End PBXGroup section */

/* Begin PBXNativeTarget section */
		5A98E2FC2B2E522000B67C5A /* pokemonbattle */ = {
			isa = PBXNativeTarget;
			buildConfigurationList = 5A98E30C2B2E522100B67C5A /* Build configuration list for PBXNativeTarget "pokemonbattle" */;
			buildPhases = (
				5A98E2F92B2E522000B67C5A /* Sources */,
				5A98E2FA2B2E522000B67C5A /* Frameworks */,
				5A98E2FB2B2E522000B67C5A /* Resources */,
			);
			buildRules = (
			);
			dependencies = (
			);
			name = pokemonbattle;
			productName = pokemonbattle;
			productReference = 5A98E2FD2B2E522000B67C5A /* pokemonbattle.app */;
			productType = "com.apple.product-type.application";
		};
/* End PBXNativeTarget section */

/* Begin PBXProject section */
		5A98E2F52B2E522000B67C5A /* Project object */ = {
			isa = PBXProject;
			attributes = {
				BuildIndependentTargetsInParallel = 1;
				LastSwiftUpdateCheck = 1520;
				LastUpgradeCheck = 1520;
				TargetAttributes = {
					5A98E2FC2B2E522000B67C5A = {
						CreatedOnToolsVersion = 15.2;
					};
				};
			};
			buildConfigurationList = 5A98E2F82B2E522000B67C5A /* Build configuration list for PBXProject "pokemonbattle" */;
			compatibilityVersion = "Xcode 14.0";
			developmentRegion = en;
			hasScannedForEncodings = 0;
			knownRegions = (
				en,
				Base,
			);
			mainGroup = 5A98E2F42B2E522000B67C5A;
			productRefGroup = 5A98E2FE2B2E522000B67C5A /* Products */;
			projectDirPath = "";
			projectRoot = "";
			targets = (
				5A98E2FC2B2E522000B67C5A /* pokemonbattle */,
			);
		};
/* End PBXProject section */

/* Begin PBXResourcesBuildPhase section */
		5A98E2FB2B2E522000B67C5A /* Resources */ = {
			isa = PBXResourcesBuildPhase;
			buildActionMask = 2147483647;
			files = (
				5A98E3082B2E522100B67C5A /* Preview Assets.xcassets in Resources */,
				5A98E3052B2E522100B67C5A /* Assets.xcassets in Resources */,
			);
			runOnlyForDeploymentPostprocessing = 0;
		};
/* End PBXResourcesBuildPhase section */

/* Begin PBXSourcesBuildPhase section */
		5A98E2F92B2E522000B67C5A /* Sources */ = {
			isa = PBXSourcesBuildPhase;
			buildActionMask = 2147483647;
			files = (
				5A98E3122B2E52CB00B67C5A /* Move.swift in Sources */,
				5A98E31A2B2E544500B67C5A /* BattleScreen.swift in Sources */,
				5A98E3182B2E540900B67C5A /* BattleManager.swift in Sources */,
				5A98E31E2B2E54EA00B67C5A /* HealthBarView.swift in Sources */,
				5A98E3202B2E54F900B67C5A /* BattleActionsView.swift in Sources */,
				5A98E3012B2E522000B67C5A /* pokemonbattleApp.swift in Sources */,
				5A98E31C2B2E54D700B67C5A /* BattleStatusView.swift in Sources */,
				5A98E3142B2E52D600B67C5A /* Battle.swift in Sources */,
				5A98E3102B2E52BE00B67C5A /* Creature.swift in Sources */,
				5A98E3162B2E52E100B67C5A /* BattleState.swift in Sources */,
			);
			runOnlyForDeploymentPostprocessing = 0;
		};
/* End PBXSourcesBuildPhase section */

/* Begin XCBuildConfiguration section */
		5A98E30A2B2E522100B67C5A /* Debug */ = {
			isa = XCBuildConfiguration;
			buildSettings = {
				ALWAYS_SEARCH_USER_PATHS = NO;
				ASSETCATALOG_COMPILER_GENERATE_SWIFT_ASSET_SYMBOL_EXTENSIONS = YES;
				CLANG_ANALYZER_NONNULL = YES;
				CLANG_ANALYZER_NUMBER_OBJECT_CONVERSION = YES_AGGRESSIVE;
				CLANG_CXX_LANGUAGE_STANDARD = "gnu++20";
				CLANG_ENABLE_MODULES = YES;
				CLANG_ENABLE_OBJC_ARC = YES;
				CLANG_ENABLE_OBJC_WEAK = YES;
				CLANG_WARN_BLOCK_CAPTURE_AUTORELEASING = YES;
				CLANG_WARN_BOOL_CONVERSION = YES;
				CLANG_WARN_COMMA = YES;
				CLANG_WARN_CONSTANT_CONVERSION = YES;
				CLANG_WARN_DEPRECATED_OBJC_IMPLEMENTATIONS = YES;
				CLANG_WARN_DIRECT_OBJC_ISA_USAGE = YES_ERROR;
				CLANG_WARN_DOCUMENTATION_COMMENTS = YES;
				CLANG_WARN_EMPTY_BODY = YES;
				CLANG_WARN_ENUM_CONVERSION = YES;
				CLANG_WARN_INFINITE_RECURSION = YES;
				CLANG_WARN_INT_CONVERSION = YES;
				CLANG_WARN_NON_LITERAL_NULL_CONVERSION = YES;
				CLANG_WARN_OBJC_IMPLICIT_RETAIN_SELF = YES;
				CLANG_WARN_OBJC_LITERAL_CONVERSION = YES;
				CLANG_WARN_OBJC_ROOT_CLASS = YES_ERROR;
				CLANG_WARN_QUOTED_INCLUDE_IN_FRAMEWORK_HEADER = YES;
				CLANG_WARN_RANGE_LOOP_ANALYSIS = YES;
				CLANG_WARN_STRICT_PROTOTYPES = YES;
				CLANG_WARN_SUSPICIOUS_MOVE = YES;
				CLANG_WARN_UNGUARDED_AVAILABILITY = YES_AGGRESSIVE;
				CLANG_WARN_UNREACHABLE_CODE = YES;
				CLANG_WARN__DUPLICATE_METHOD_MATCH = YES;
				COPY_PHASE_STRIP = NO;
				DEBUG_INFORMATION_FORMAT = dwarf;
				ENABLE_STRICT_OBJC_MSGSEND = YES;
				ENABLE_TESTABILITY = YES;
				ENABLE_USER_SCRIPT_SANDBOXING = YES;
				GCC_C_LANGUAGE_STANDARD = gnu17;
				GCC_DYNAMIC_NO_PIC = NO;
				GCC_NO_COMMON_BLOCKS = YES;
				GCC_OPTIMIZATION_LEVEL = 0;
				GCC_PREPROCESSOR_DEFINITIONS = (
					"DEBUG=1",
					"$(inherited)",
				);
				GCC_WARN_64_TO_32_BIT_CONVERSION = YES;
				GCC_WARN_ABOUT_RETURN_TYPE = YES_ERROR;
				GCC_WARN_UNDECLARED_SELECTOR = YES;
				GCC_WARN_UNINITIALIZED_AUTOS = YES_AGGRESSIVE;
				GCC_WARN_UNUSED_FUNCTION = YES;
				GCC_WARN_UNUSED_VARIABLE = YES;
				LOCALIZATION_PREFERS_STRING_CATALOGS = YES;
				MACOSX_DEPLOYMENT_TARGET = 14.1;
				MTL_ENABLE_DEBUG_INFO = INCLUDE_SOURCE;
				MTL_FAST_MATH = YES;
				ONLY_ACTIVE_ARCH = YES;
				SDKROOT = macosx;
				SWIFT_ACTIVE_COMPILATION_CONDITIONS = "DEBUG $(inherited)";
				SWIFT_OPTIMIZATION_LEVEL = "-Onone";
			};
			name = Debug;
		};
		5A98E30B2B2E522100B67C5A /* Release */ = {
			isa = XCBuildConfiguration;
			buildSettings = {
				ALWAYS_SEARCH_USER_PATHS = NO;
				ASSETCATALOG_COMPILER_GENERATE_SWIFT_ASSET_SYMBOL_EXTENSIONS = YES;
				CLANG_ANALYZER_NONNULL = YES;
				CLANG_ANALYZER_NUMBER_OBJECT_CONVERSION = YES_AGGRESSIVE;
				CLANG_CXX_LANGUAGE_STANDARD = "gnu++20";
				CLANG_ENABLE_MODULES = YES;
				CLANG_ENABLE_OBJC_ARC = YES;
				CLANG_ENABLE_OBJC_WEAK = YES;
				CLANG_WARN_BLOCK_CAPTURE_AUTORELEASING = YES;
				CLANG_WARN_BOOL_CONVERSION = YES;
				CLANG_WARN_COMMA = YES;
				CLANG_WARN_CONSTANT_CONVERSION = YES;
				CLANG_WARN_DEPRECATED_OBJC_IMPLEMENTATIONS = YES;
				CLANG_WARN_DIRECT_OBJC_ISA_USAGE = YES_ERROR;
				CLANG_WARN_DOCUMENTATION_COMMENTS = YES;
				CLANG_WARN_EMPTY_BODY = YES;
				CLANG_WARN_ENUM_CONVERSION = YES;
				CLANG_WARN_INFINITE_RECURSION = YES;
				CLANG_WARN_INT_CONVERSION = YES;
				CLANG_WARN_NON_LITERAL_NULL_CONVERSION = YES;
				CLANG_WARN_OBJC_IMPLICIT_RETAIN_SELF = YES;
				CLANG_WARN_OBJC_LITERAL_CONVERSION = YES;
				CLANG_WARN_OBJC_ROOT_CLASS = YES_ERROR;
				CLANG_WARN_QUOTED_INCLUDE_IN_FRAMEWORK_HEADER = YES;
				CLANG_WARN_RANGE_LOOP_ANALYSIS = YES;
				CLANG_WARN_STRICT_PROTOTYPES = YES;
				CLANG_WARN_SUSPICIOUS_MOVE = YES;
				CLANG_WARN_UNGUARDED_AVAILABILITY = YES_AGGRESSIVE;
				CLANG_WARN_UNREACHABLE_CODE = YES;
				CLANG_WARN__DUPLICATE_METHOD_MATCH = YES;
				COPY_PHASE_STRIP = NO;
				DEBUG_INFORMATION_FORMAT = "dwarf-with-dsym";
				ENABLE_NS_ASSERTIONS = NO;
				ENABLE_STRICT_OBJC_MSGSEND = YES;
				ENABLE_USER_SCRIPT_SANDBOXING = YES;
				GCC_C_LANGUAGE_STANDARD = gnu17;
				GCC_NO_COMMON_BLOCKS = YES;
				GCC_WARN_64_TO_32_BIT_CONVERSION = YES;
				GCC_WARN_ABOUT_RETURN_TYPE = YES_ERROR;
				GCC_WARN_UNDECLARED_SELECTOR = YES;
				GCC_WARN_UNINITIALIZED_AUTOS = YES_AGGRESSIVE;
				GCC_WARN_UNUSED_FUNCTION = YES;
				GCC_WARN_UNUSED_VARIABLE = YES;
				LOCALIZATION_PREFERS_STRING_CATALOGS = YES;
				MACOSX_DEPLOYMENT_TARGET = 14.1;
				MTL_ENABLE_DEBUG_INFO = NO;
				MTL_FAST_MATH = YES;
				SDKROOT = macosx;
				SWIFT_COMPILATION_MODE = wholemodule;
			};
			name = Release;
		};
		5A98E30D2B2E522100B67C5A /* Debug */ = {
			isa = XCBuildConfiguration;
			buildSettings = {
				ASSETCATALOG_COMPILER_APPICON_NAME = AppIcon;
				ASSETCATALOG_COMPILER_GLOBAL_ACCENT_COLOR_NAME = AccentColor;
				CODE_SIGN_ENTITLEMENTS = pokemonbattle/pokemonbattle.entitlements;
				CODE_SIGN_STYLE = Automatic;
				COMBINE_HIDPI_IMAGES = YES;
				CURRENT_PROJECT_VERSION = 1;
				DEVELOPMENT_ASSET_PATHS = "\"pokemonbattle/Preview Content\"";
				DEVELOPMENT_TEAM = P4DQK6SRKR;
				ENABLE_HARDENED_RUNTIME = YES;
				ENABLE_PREVIEWS = YES;
				GENERATE_INFOPLIST_FILE = YES;
				INFOPLIST_KEY_NSHumanReadableCopyright = "";
				LD_RUNPATH_SEARCH_PATHS = (
					"$(inherited)",
					"@executable_path/../Frameworks",
				);
				MARKETING_VERSION = 1.0;
				PRODUCT_BUNDLE_IDENTIFIER = com.marcusziade.pokemonbattle;
				PRODUCT_NAME = "$(TARGET_NAME)";
				SWIFT_EMIT_LOC_STRINGS = YES;
				SWIFT_VERSION = 5.0;
			};
			name = Debug;
		};
		5A98E30E2B2E522100B67C5A /* Release */ = {
			isa = XCBuildConfiguration;
			buildSettings = {
				ASSETCATALOG_COMPILER_APPICON_NAME = AppIcon;
				ASSETCATALOG_COMPILER_GLOBAL_ACCENT_COLOR_NAME = AccentColor;
				CODE_SIGN_ENTITLEMENTS = pokemonbattle/pokemonbattle.entitlements;
				CODE_SIGN_STYLE = Automatic;
				COMBINE_HIDPI_IMAGES = YES;
				CURRENT_PROJECT_VERSION = 1;
				DEVELOPMENT_ASSET_PATHS = "\"pokemonbattle/Preview Content\"";
				DEVELOPMENT_TEAM = P4DQK6SRKR;
				ENABLE_HARDENED_RUNTIME = YES;
				ENABLE_PREVIEWS = YES;
				GENERATE_INFOPLIST_FILE = YES;
				INFOPLIST_KEY_NSHumanReadableCopyright = "";
				LD_RUNPATH_SEARCH_PATHS = (
					"$(inherited)",
					"@executable_path/../Frameworks",
				);
				MARKETING_VERSION = 1.0;
				PRODUCT_BUNDLE_IDENTIFIER = com.marcusziade.pokemonbattle;
				PRODUCT_NAME = "$(TARGET_NAME)";
				SWIFT_EMIT_LOC_STRINGS = YES;
				SWIFT_VERSION = 5.0;
			};
			name = Release;
		};
/* End XCBuildConfiguration section */

/* Begin XCConfigurationList section */
		5A98E2F82B2E522000B67C5A /* Build configuration list for PBXProject "pokemonbattle" */ = {
			isa = XCConfigurationList;
			buildConfigurations = (
				5A98E30A2B2E522100B67C5A /* Debug */,
				5A98E30B2B2E522100B67C5A /* Release */,
			);
			defaultConfigurationIsVisible = 0;
			defaultConfigurationName = Release;
		};
		5A98E30C2B2E522100B67C5A /* Build configuration list for PBXNativeTarget "pokemonbattle" */ = {
			isa = XCConfigurationList;
			buildConfigurations = (
				5A98E30D2B2E522100B67C5A /* Debug */,
				5A98E30E2B2E522100B67C5A /* Release */,
			);
			defaultConfigurationIsVisible = 0;
			defaultConfigurationName = Release;
		};
/* End XCConfigurationList section */
	};
	rootObject = 5A98E2F52B2E522000B67C5A /* Project object */;
}
